
Microsoft Visual Studio Solution File, Format Version 12.00
# Visual Studio 15
VisualStudioVersion = 15.0.28010.2019
MinimumVisualStudioVersion = 10.0.40219.1
Project("{888888A0-9F3D-457C-B088-3A5042F75D52}") = "DoomPlayer", "DoomPlayer\DoomPlayer.pyproj", "{B1FBB34F-49A1-4731-822A-F76640BBFE40}"
EndProject
Global
	GlobalSection(SolutionConfigurationPlatforms) = preSolution
		Debug|Any CPU = Debug|Any CPU
		Release|Any CPU = Release|Any CPU
	EndGlobalSection
	GlobalSection(ProjectConfigurationPlatforms) = postSolution
		{B1FBB34F-49A1-4731-822A-F76640BBFE40}.Debug|Any CPU.ActiveCfg = Debug|Any CPU
		{B1FBB34F-49A1-4731-822A-F76640BBFE40}.Release|Any CPU.ActiveCfg = Release|Any CPU
	EndGlobalSection
	GlobalSection(SolutionProperties) = preSolution
		HideSolutionNode = FALSE
	EndGlobalSection
	GlobalSection(ExtensibilityGlobals) = postSolution
		SolutionGuid = {707BFA0B-EC9F-421C-9024-A9A09B4905B8}
	EndGlobalSection
EndGlobal
